
Microsoft Visual Studio Solution File, Format Version 12.00
# Visual Studio Version 17
VisualStudioVersion = 17.8.34309.116
MinimumVisualStudioVersion = 10.0.40219.1
Project("{FAE04EC0-301F-11D3-BF4B-00C04F79EFBC}") = "RabbitMQExample.Publisher", "RabbitMQExample.Publisher\RabbitMQExample.Publisher.csproj", "{4B4326EA-7C24-432E-9709-2CDABF6677A5}"
EndProject
Project("{FAE04EC0-301F-11D3-BF4B-00C04F79EFBC}") = "RabbitMQExample.Consumer", "RabbitMQExample.Consumer\RabbitMQExample.Consumer.csproj", "{5E4440FD-010D-40A4-AEC5-E9F56DBCCB18}"
EndProject
Global
	GlobalSection(SolutionConfigurationPlatforms) = preSolution
		Debug|Any CPU = Debug|Any CPU
		Release|Any CPU = Release|Any CPU
	EndGlobalSection
	GlobalSection(ProjectConfigurationPlatforms) = postSolution
		{4B4326EA-7C24-432E-9709-2CDABF6677A5}.Debug|Any CPU.ActiveCfg = Debug|Any CPU
		{4B4326EA-7C24-432E-9709-2CDABF6677A5}.Debug|Any CPU.Build.0 = Debug|Any CPU
		{4B4326EA-7C24-432E-9709-2CDABF6677A5}.Release|Any CPU.ActiveCfg = Release|Any CPU
		{4B4326EA-7C24-432E-9709-2CDABF6677A5}.Release|Any CPU.Build.0 = Release|Any CPU
		{5E4440FD-010D-40A4-AEC5-E9F56DBCCB18}.Debug|Any CPU.ActiveCfg = Debug|Any CPU
		{5E4440FD-010D-40A4-AEC5-E9F56DBCCB18}.Debug|Any CPU.Build.0 = Debug|Any CPU
		{5E4440FD-010D-40A4-AEC5-E9F56DBCCB18}.Release|Any CPU.ActiveCfg = Release|Any CPU
		{5E4440FD-010D-40A4-AEC5-E9F56DBCCB18}.Release|Any CPU.Build.0 = Release|Any CPU
	EndGlobalSection
	GlobalSection(SolutionProperties) = preSolution
		HideSolutionNode = FALSE
	EndGlobalSection
	GlobalSection(ExtensibilityGlobals) = postSolution
		SolutionGuid = {565B393E-2175-4AF6-95AE-C374B6178704}
	EndGlobalSection
EndGlobal
